// !$*UTF8*$!
{
	archiveVersion = 1;
	classes = {
	};
	objectVersion = 55;
	objects = {

/* Begin PBXBuildFile section */
		89DCC3DE29320BEA001630A6 /* AppDelegate.swift in Sources */ = {isa = PBXBuildFile; fileRef = 89DCC3DD29320BEA001630A6 /* AppDelegate.swift */; };
		89DCC3E029320BEA001630A6 /* SceneDelegate.swift in Sources */ = {isa = PBXBuildFile; fileRef = 89DCC3DF29320BEA001630A6 /* SceneDelegate.swift */; };
		89DCC3E229320BEA001630A6 /* ViewController.swift in Sources */ = {isa = PBXBuildFile; fileRef = 89DCC3E129320BEA001630A6 /* ViewController.swift */; };
		89DCC3E529320BEA001630A6 /* Main.storyboard in Resources */ = {isa = PBXBuildFile; fileRef = 89DCC3E329320BEA001630A6 /* Main.storyboard */; };
		89DCC3E729320BEA001630A6 /* Assets.xcassets in Resources */ = {isa = PBXBuildFile; fileRef = 89DCC3E629320BEA001630A6 /* Assets.xcassets */; };
		89DCC3EA29320BEA001630A6 /* LaunchScreen.storyboard in Resources */ = {isa = PBXBuildFile; fileRef = 89DCC3E829320BEA001630A6 /* LaunchScreen.storyboard */; };
		89DCC3F329320E18001630A6 /* Alamofire in Frameworks */ = {isa = PBXBuildFile; productRef = 89DCC3F229320E18001630A6 /* Alamofire */; };
		89DCC3F529321062001630A6 /* MainTableViewCell.swift in Sources */ = {isa = PBXBuildFile; fileRef = 89DCC3F429321062001630A6 /* MainTableViewCell.swift */; };
		89DCC3F729321125001630A6 /* TourDataModel.swift in Sources */ = {isa = PBXBuildFile; fileRef = 89DCC3F629321125001630A6 /* TourDataModel.swift */; };
		89DCC3FA29322A78001630A6 /* Kingfisher in Frameworks */ = {isa = PBXBuildFile; productRef = 89DCC3F929322A78001630A6 /* Kingfisher */; };
/* End PBXBuildFile section */

/* Begin PBXFileReference section */
		89DCC3DA29320BEA001630A6 /* Week9.app */ = {isa = PBXFileReference; explicitFileType = wrapper.application; includeInIndex = 0; path = Week9.app; sourceTree = BUILT_PRODUCTS_DIR; };
		89DCC3DD29320BEA001630A6 /* AppDelegate.swift */ = {isa = PBXFileReference; lastKnownFileType = sourcecode.swift; path = AppDelegate.swift; sourceTree = "<group>"; };
		89DCC3DF29320BEA001630A6 /* SceneDelegate.swift */ = {isa = PBXFileReference; lastKnownFileType = sourcecode.swift; path = SceneDelegate.swift; sourceTree = "<group>"; };
		89DCC3E129320BEA001630A6 /* ViewController.swift */ = {isa = PBXFileReference; lastKnownFileType = sourcecode.swift; path = ViewController.swift; sourceTree = "<group>"; };
		89DCC3E429320BEA001630A6 /* Base */ = {isa = PBXFileReference; lastKnownFileType = file.storyboard; name = Base; path = Base.lproj/Main.storyboard; sourceTree = "<group>"; };
		89DCC3E629320BEA001630A6 /* Assets.xcassets */ = {isa = PBXFileReference; lastKnownFileType = folder.assetcatalog; path = Assets.xcassets; sourceTree = "<group>"; };
		89DCC3E929320BEA001630A6 /* Base */ = {isa = PBXFileReference; lastKnownFileType = file.storyboard; name = Base; path = Base.lproj/LaunchScreen.storyboard; sourceTree = "<group>"; };
		89DCC3EB29320BEA001630A6 /* Info.plist */ = {isa = PBXFileReference; lastKnownFileType = text.plist.xml; path = Info.plist; sourceTree = "<group>"; };
		89DCC3F429321062001630A6 /* MainTableViewCell.swift */ = {isa = PBXFileReference; lastKnownFileType = sourcecode.swift; path = MainTableViewCell.swift; sourceTree = "<group>"; };
		89DCC3F629321125001630A6 /* TourDataModel.swift */ = {isa = PBXFileReference; lastKnownFileType = sourcecode.swift; path = TourDataModel.swift; sourceTree = "<group>"; };
/* End PBXFileReference section */

/* Begin PBXFrameworksBuildPhase section */
		89DCC3D729320BEA001630A6 /* Frameworks */ = {
			isa = PBXFrameworksBuildPhase;
			buildActionMask = 2147483647;
			files = (
				89DCC3FA29322A78001630A6 /* Kingfisher in Frameworks */,
				89DCC3F329320E18001630A6 /* Alamofire in Frameworks */,
			);
			runOnlyForDeploymentPostprocessing = 0;
		};
/* End PBXFrameworksBuildPhase section */

/* Begin PBXGroup section */
		89DCC3D129320BEA001630A6 = {
			isa = PBXGroup;
			children = (
				89DCC3DC29320BEA001630A6 /* Week9 */,
				89DCC3DB29320BEA001630A6 /* Products */,
			);
			sourceTree = "<group>";
		};
		89DCC3DB29320BEA001630A6 /* Products */ = {
			isa = PBXGroup;
			children = (
				89DCC3DA29320BEA001630A6 /* Week9.app */,
			);
			name = Products;
			sourceTree = "<group>";
		};
		89DCC3DC29320BEA001630A6 /* Week9 */ = {
			isa = PBXGroup;
			children = (
				89DCC3DD29320BEA001630A6 /* AppDelegate.swift */,
				89DCC3DF29320BEA001630A6 /* SceneDelegate.swift */,
				89DCC3E129320BEA001630A6 /* ViewController.swift */,
				89DCC3F429321062001630A6 /* MainTableViewCell.swift */,
				89DCC3F629321125001630A6 /* TourDataModel.swift */,
				89DCC3E329320BEA001630A6 /* Main.storyboard */,
				89DCC3E629320BEA001630A6 /* Assets.xcassets */,
				89DCC3E829320BEA001630A6 /* LaunchScreen.storyboard */,
				89DCC3EB29320BEA001630A6 /* Info.plist */,
			);
			path = Week9;
			sourceTree = "<group>";
		};
/* End PBXGroup section */

/* Begin PBXNativeTarget section */
		89DCC3D929320BEA001630A6 /* Week9 */ = {
			isa = PBXNativeTarget;
			buildConfigurationList = 89DCC3EE29320BEA001630A6 /* Build configuration list for PBXNativeTarget "Week9" */;
			buildPhases = (
				89DCC3D629320BEA001630A6 /* Sources */,
				89DCC3D729320BEA001630A6 /* Frameworks */,
				89DCC3D829320BEA001630A6 /* Resources */,
			);
			buildRules = (
			);
			dependencies = (
			);
			name = Week9;
			packageProductDependencies = (
				89DCC3F229320E18001630A6 /* Alamofire */,
				89DCC3F929322A78001630A6 /* Kingfisher */,
			);
			productName = Week9;
			productReference = 89DCC3DA29320BEA001630A6 /* Week9.app */;
			productType = "com.apple.product-type.application";
		};
/* End PBXNativeTarget section */

/* Begin PBXProject section */
		89DCC3D229320BEA001630A6 /* Project object */ = {
			isa = PBXProject;
			attributes = {
				BuildIndependentTargetsInParallel = 1;
				LastSwiftUpdateCheck = 1330;
				LastUpgradeCheck = 1330;
				TargetAttributes = {
					89DCC3D929320BEA001630A6 = {
						CreatedOnToolsVersion = 13.3.1;
					};
				};
			};
			buildConfigurationList = 89DCC3D529320BEA001630A6 /* Build configuration list for PBXProject "Week9" */;
			compatibilityVersion = "Xcode 13.0";
			developmentRegion = en;
			hasScannedForEncodings = 0;
			knownRegions = (
				en,
				Base,
			);
			mainGroup = 89DCC3D129320BEA001630A6;
			packageReferences = (
				89DCC3F129320E18001630A6 /* XCRemoteSwiftPackageReference "Alamofire" */,
				89DCC3F829322A78001630A6 /* XCRemoteSwiftPackageReference "Kingfisher" */,
			);
			productRefGroup = 89DCC3DB29320BEA001630A6 /* Products */;
			projectDirPath = "";
			projectRoot = "";
			targets = (
				89DCC3D929320BEA001630A6 /* Week9 */,
			);
		};
/* End PBXProject section */

/* Begin PBXResourcesBuildPhase section */
		89DCC3D829320BEA001630A6 /* Resources */ = {
			isa = PBXResourcesBuildPhase;
			buildActionMask = 2147483647;
			files = (
				89DCC3EA29320BEA001630A6 /* LaunchScreen.storyboard in Resources */,
				89DCC3E729320BEA001630A6 /* Assets.xcassets in Resources */,
				89DCC3E529320BEA001630A6 /* Main.storyboard in Resources */,
			);
			runOnlyForDeploymentPostprocessing = 0;
		};
/* End PBXResourcesBuildPhase section */

/* Begin PBXSourcesBuildPhase section */
		89DCC3D629320BEA001630A6 /* Sources */ = {
			isa = PBXSourcesBuildPhase;
			buildActionMask = 2147483647;
			files = (
				89DCC3E229320BEA001630A6 /* ViewController.swift in Sources */,
				89DCC3DE29320BEA001630A6 /* AppDelegate.swift in Sources */,
				89DCC3F729321125001630A6 /* TourDataModel.swift in Sources */,
				89DCC3F529321062001630A6 /* MainTableViewCell.swift in Sources */,
				89DCC3E029320BEA001630A6 /* SceneDelegate.swift in Sources */,
			);
			runOnlyForDeploymentPostprocessing = 0;
		};
/* End PBXSourcesBuildPhase section */

/* Begin PBXVariantGroup section */
		89DCC3E329320BEA001630A6 /* Main.storyboard */ = {
			isa = PBXVariantGroup;
			children = (
				89DCC3E429320BEA001630A6 /* Base */,
			);
			name = Main.storyboard;
			sourceTree = "<group>";
		};
		89DCC3E829320BEA001630A6 /* LaunchScreen.storyboard */ = {
			isa = PBXVariantGroup;
			children = (
				89DCC3E929320BEA001630A6 /* Base */,
			);
			name = LaunchScreen.storyboard;
			sourceTree = "<group>";
		};
/* End PBXVariantGroup section */

/* Begin XCBuildConfiguration section */
		89DCC3EC29320BEA001630A6 /* Debug */ = {
			isa = XCBuildConfiguration;
			buildSettings = {
				ALWAYS_SEARCH_USER_PATHS = NO;
				CLANG_ANALYZER_NONNULL = YES;
				CLANG_ANALYZER_NUMBER_OBJECT_CONVERSION = YES_AGGRESSIVE;
				CLANG_CXX_LANGUAGE_STANDARD = "gnu++17";
				CLANG_ENABLE_MODULES = YES;
				CLANG_ENABLE_OBJC_ARC = YES;
				CLANG_ENABLE_OBJC_WEAK = YES;
				CLANG_WARN_BLOCK_CAPTURE_AUTORELEASING = YES;
				CLANG_WARN_BOOL_CONVERSION = YES;
				CLANG_WARN_COMMA = YES;
				CLANG_WARN_CONSTANT_CONVERSION = YES;
				CLANG_WARN_DEPRECATED_OBJC_IMPLEMENTATIONS = YES;
				CLANG_WARN_DIRECT_OBJC_ISA_USAGE = YES_ERROR;
				CLANG_WARN_DOCUMENTATION_COMMENTS = YES;
				CLANG_WARN_EMPTY_BODY = YES;
				CLANG_WARN_ENUM_CONVERSION = YES;
				CLANG_WARN_INFINITE_RECURSION = YES;
				CLANG_WARN_INT_CONVERSION = YES;
				CLANG_WARN_NON_LITERAL_NULL_CONVERSION = YES;
				CLANG_WARN_OBJC_IMPLICIT_RETAIN_SELF = YES;
				CLANG_WARN_OBJC_LITERAL_CONVERSION = YES;
				CLANG_WARN_OBJC_ROOT_CLASS = YES_ERROR;
				CLANG_WARN_QUOTED_INCLUDE_IN_FRAMEWORK_HEADER = YES;
				CLANG_WARN_RANGE_LOOP_ANALYSIS = YES;
				CLANG_WARN_STRICT_PROTOTYPES = YES;
				CLANG_WARN_SUSPICIOUS_MOVE = YES;
				CLANG_WARN_UNGUARDED_AVAILABILITY = YES_AGGRESSIVE;
				CLANG_WARN_UNREACHABLE_CODE = YES;
				CLANG_WARN__DUPLICATE_METHOD_MATCH = YES;
				COPY_PHASE_STRIP = NO;
				DEBUG_INFORMATION_FORMAT = dwarf;
				ENABLE_STRICT_OBJC_MSGSEND = YES;
				ENABLE_TESTABILITY = YES;
				GCC_C_LANGUAGE_STANDARD = gnu11;
				GCC_DYNAMIC_NO_PIC = NO;
				GCC_NO_COMMON_BLOCKS = YES;
				GCC_OPTIMIZATION_LEVEL = 0;
				GCC_PREPROCESSOR_DEFINITIONS = (
					"DEBUG=1",
					"$(inherited)",
				);
				GCC_WARN_64_TO_32_BIT_CONVERSION = YES;
				GCC_WARN_ABOUT_RETURN_TYPE = YES_ERROR;
				GCC_WARN_UNDECLARED_SELECTOR = YES;
				GCC_WARN_UNINITIALIZED_AUTOS = YES_AGGRESSIVE;
				GCC_WARN_UNUSED_FUNCTION = YES;
				GCC_WARN_UNUSED_VARIABLE = YES;
				IPHONEOS_DEPLOYMENT_TARGET = 15.4;
				MTL_ENABLE_DEBUG_INFO = INCLUDE_SOURCE;
				MTL_FAST_MATH = YES;
				ONLY_ACTIVE_ARCH = YES;
				SDKROOT = iphoneos;
				SWIFT_ACTIVE_COMPILATION_CONDITIONS = DEBUG;
				SWIFT_OPTIMIZATION_LEVEL = "-Onone";
			};
			name = Debug;
		};
		89DCC3ED29320BEA001630A6 /* Release */ = {
			isa = XCBuildConfiguration;
			buildSettings = {
				ALWAYS_SEARCH_USER_PATHS = NO;
				CLANG_ANALYZER_NONNULL = YES;
				CLANG_ANALYZER_NUMBER_OBJECT_CONVERSION = YES_AGGRESSIVE;
				CLANG_CXX_LANGUAGE_STANDARD = "gnu++17";
				CLANG_ENABLE_MODULES = YES;
				CLANG_ENABLE_OBJC_ARC = YES;
				CLANG_ENABLE_OBJC_WEAK = YES;
				CLANG_WARN_BLOCK_CAPTURE_AUTORELEASING = YES;
				CLANG_WARN_BOOL_CONVERSION = YES;
				CLANG_WARN_COMMA = YES;
				CLANG_WARN_CONSTANT_CONVERSION = YES;
				CLANG_WARN_DEPRECATED_OBJC_IMPLEMENTATIONS = YES;
				CLANG_WARN_DIRECT_OBJC_ISA_USAGE = YES_ERROR;
				CLANG_WARN_DOCUMENTATION_COMMENTS = YES;
				CLANG_WARN_EMPTY_BODY = YES;
				CLANG_WARN_ENUM_CONVERSION = YES;
				CLANG_WARN_INFINITE_RECURSION = YES;
				CLANG_WARN_INT_CONVERSION = YES;
				CLANG_WARN_NON_LITERAL_NULL_CONVERSION = YES;
				CLANG_WARN_OBJC_IMPLICIT_RETAIN_SELF = YES;
				CLANG_WARN_OBJC_LITERAL_CONVERSION = YES;
				CLANG_WARN_OBJC_ROOT_CLASS = YES_ERROR;
				CLANG_WARN_QUOTED_INCLUDE_IN_FRAMEWORK_HEADER = YES;
				CLANG_WARN_RANGE_LOOP_ANALYSIS = YES;
				CLANG_WARN_STRICT_PROTOTYPES = YES;
				CLANG_WARN_SUSPICIOUS_MOVE = YES;
				CLANG_WARN_UNGUARDED_AVAILABILITY = YES_AGGRESSIVE;
				CLANG_WARN_UNREACHABLE_CODE = YES;
				CLANG_WARN__DUPLICATE_METHOD_MATCH = YES;
				COPY_PHASE_STRIP = NO;
				DEBUG_INFORMATION_FORMAT = "dwarf-with-dsym";
				ENABLE_NS_ASSERTIONS = NO;
				ENABLE_STRICT_OBJC_MSGSEND = YES;
				GCC_C_LANGUAGE_STANDARD = gnu11;
				GCC_NO_COMMON_BLOCKS = YES;
				GCC_WARN_64_TO_32_BIT_CONVERSION = YES;
				GCC_WARN_ABOUT_RETURN_TYPE = YES_ERROR;
				GCC_WARN_UNDECLARED_SELECTOR = YES;
				GCC_WARN_UNINITIALIZED_AUTOS = YES_AGGRESSIVE;
				GCC_WARN_UNUSED_FUNCTION = YES;
				GCC_WARN_UNUSED_VARIABLE = YES;
				IPHONEOS_DEPLOYMENT_TARGET = 15.4;
				MTL_ENABLE_DEBUG_INFO = NO;
				MTL_FAST_MATH = YES;
				SDKROOT = iphoneos;
				SWIFT_COMPILATION_MODE = wholemodule;
				SWIFT_OPTIMIZATION_LEVEL = "-O";
				VALIDATE_PRODUCT = YES;
			};
			name = Release;
		};
		89DCC3EF29320BEA001630A6 /* Debug */ = {
			isa = XCBuildConfiguration;
			buildSettings = {
				ASSETCATALOG_COMPILER_APPICON_NAME = AppIcon;
				ASSETCATALOG_COMPILER_GLOBAL_ACCENT_COLOR_NAME = AccentColor;
				CODE_SIGN_STYLE = Automatic;
				CURRENT_PROJECT_VERSION = 1;
				DEVELOPMENT_TEAM = 3FP9A2A7KZ;
				GENERATE_INFOPLIST_FILE = YES;
				INFOPLIST_FILE = Week9/Info.plist;
				INFOPLIST_KEY_UIApplicationSupportsIndirectInputEvents = YES;
				INFOPLIST_KEY_UILaunchStoryboardName = LaunchScreen;
				INFOPLIST_KEY_UIMainStoryboardFile = Main;
				INFOPLIST_KEY_UISupportedInterfaceOrientations_iPad = "UIInterfaceOrientationPortrait UIInterfaceOrientationPortraitUpsideDown UIInterfaceOrientationLandscapeLeft UIInterfaceOrientationLandscapeRight";
				INFOPLIST_KEY_UISupportedInterfaceOrientations_iPhone = "UIInterfaceOrientationPortrait UIInterfaceOrientationLandscapeLeft UIInterfaceOrientationLandscapeRight";
				LD_RUNPATH_SEARCH_PATHS = (
					"$(inherited)",
					"@executable_path/Frameworks",
				);
				MARKETING_VERSION = 1.0;
				PRODUCT_BUNDLE_IDENTIFIER = "seoyoung-lee.Week9";
				PRODUCT_NAME = "$(TARGET_NAME)";
				SWIFT_EMIT_LOC_STRINGS = YES;
				SWIFT_VERSION = 5.0;
				TARGETED_DEVICE_FAMILY = "1,2";
			};
			name = Debug;
		};
		89DCC3F029320BEA001630A6 /* Release */ = {
			isa = XCBuildConfiguration;
			buildSettings = {
				ASSETCATALOG_COMPILER_APPICON_NAME = AppIcon;
				ASSETCATALOG_COMPILER_GLOBAL_ACCENT_COLOR_NAME = AccentColor;
				CODE_SIGN_STYLE = Automatic;
				CURRENT_PROJECT_VERSION = 1;
				DEVELOPMENT_TEAM = 3FP9A2A7KZ;
				GENERATE_INFOPLIST_FILE = YES;
				INFOPLIST_FILE = Week9/Info.plist;
				INFOPLIST_KEY_UIApplicationSupportsIndirectInputEvents = YES;
				INFOPLIST_KEY_UILaunchStoryboardName = LaunchScreen;
				INFOPLIST_KEY_UIMainStoryboardFile = Main;
				INFOPLIST_KEY_UISupportedInterfaceOrientations_iPad = "UIInterfaceOrientationPortrait UIInterfaceOrientationPortraitUpsideDown UIInterfaceOrientationLandscapeLeft UIInterfaceOrientationLandscapeRight";
				INFOPLIST_KEY_UISupportedInterfaceOrientations_iPhone = "UIInterfaceOrientationPortrait UIInterfaceOrientationLandscapeLeft UIInterfaceOrientationLandscapeRight";
				LD_RUNPATH_SEARCH_PATHS = (
					"$(inherited)",
					"@executable_path/Frameworks",
				);
				MARKETING_VERSION = 1.0;
				PRODUCT_BUNDLE_IDENTIFIER = "seoyoung-lee.Week9";
				PRODUCT_NAME = "$(TARGET_NAME)";
				SWIFT_EMIT_LOC_STRINGS = YES;
				SWIFT_VERSION = 5.0;
				TARGETED_DEVICE_FAMILY = "1,2";
			};
			name = Release;
		};
/* End XCBuildConfiguration section */

/* Begin XCConfigurationList section */
		89DCC3D529320BEA001630A6 /* Build configuration list for PBXProject "Week9" */ = {
			isa = XCConfigurationList;
			buildConfigurations = (
				89DCC3EC29320BEA001630A6 /* Debug */,
				89DCC3ED29320BEA001630A6 /* Release */,
			);
			defaultConfigurationIsVisible = 0;
			defaultConfigurationName = Release;
		};
		89DCC3EE29320BEA001630A6 /* Build configuration list for PBXNativeTarget "Week9" */ = {
			isa = XCConfigurationList;
			buildConfigurations = (
				89DCC3EF29320BEA001630A6 /* Debug */,
				89DCC3F029320BEA001630A6 /* Release */,
			);
			defaultConfigurationIsVisible = 0;
			defaultConfigurationName = Release;
		};
/* End XCConfigurationList section */

/* Begin XCRemoteSwiftPackageReference section */
		89DCC3F129320E18001630A6 /* XCRemoteSwiftPackageReference "Alamofire" */ = {
			isa = XCRemoteSwiftPackageReference;
			repositoryURL = "https://github.com/Alamofire/Alamofire.git";
			requirement = {
				branch = master;
				kind = branch;
			};
		};
		89DCC3F829322A78001630A6 /* XCRemoteSwiftPackageReference "Kingfisher" */ = {
			isa = XCRemoteSwiftPackageReference;
			repositoryURL = "https://github.com/onevcat/Kingfisher.git";
			requirement = {
				kind = upToNextMajorVersion;
				minimumVersion = 7.0.0;
			};
		};
/* End XCRemoteSwiftPackageReference section */

/* Begin XCSwiftPackageProductDependency section */
		89DCC3F229320E18001630A6 /* Alamofire */ = {
			isa = XCSwiftPackageProductDependency;
			package = 89DCC3F129320E18001630A6 /* XCRemoteSwiftPackageReference "Alamofire" */;
			productName = Alamofire;
		};
		89DCC3F929322A78001630A6 /* Kingfisher */ = {
			isa = XCSwiftPackageProductDependency;
			package = 89DCC3F829322A78001630A6 /* XCRemoteSwiftPackageReference "Kingfisher" */;
			productName = Kingfisher;
		};
/* End XCSwiftPackageProductDependency section */
	};
	rootObject = 89DCC3D229320BEA001630A6 /* Project object */;
}
